github.com/BrandonRomano/iso8601 v0.1.0 h1:XPxC9vfnx9+AFaiU+E9m2903l8gZKRC4ctsPkTIihrY=
github.com/BrandonRomano/iso8601 v0.1.0/go.mod h1:s1lh194voQHeKsbMkUyNBoxX+T3y8uhT+LxIOTGV2WE=
github.com/BrandonRomano/wrecker v0.1.5 h1:2i2PJpbiyjJqmi/rZkNaKFOqMzoHWdqQhJV8Oo7xBTo=
github.com/BrandonRomano/wrecker v0.1.5/go.mod h1:MigsLcX2kctd4snNphVs2mTSVqWIo2LKVnDJT+qejKE=
github.com/carrot/go-pinterest v2.1.1+incompatible h1:Csu+OgCVFMKZM4iB+7dfH6kQJnMjwHXUPyOB3v/nBHI=
github.com/carrot/go-pinterest v2.1.1+incompatible/go.mod h1:j1GdCr4WadQfsq6OeRr3FG8aXJUEVruv9U3Nf+e9O3Y=
github.com/codingsince1985/geo-golang v1.6.1 h1:dqKTgt7YgNuux1TYSV/xXftyN9KEhs600PPr6tFGC98=
github.com/codingsince1985/geo-golang v1.6.1/go.mod h1:kBEFPG1vFhk0BqA38LyzoZp3VsvgkVtXN9JqZZHAZw4=
github.com/davecgh/go-spew v1.1.0/go.mod h1:J7Y8YcW2NihsgmVo/mv3lAwl/skON4iLHjSsI+c5H38=
github.com/davecgh/go-spew v1.1.1 h1:vj9j/u1bqnvCEfJOwUhtlOARqs3+rkHYY13jYWTU97c=
github.com/davecgh/go-spew v1.1.1/go.mod h1:J7Y8YcW2NihsgmVo/mv3lAwl/skON4iLHjSsI+c5H38=
github.com/dlasky/go-wallhaven v0.0.0-20190627020408-f8d3904df136 h1:OQTiEDQygtx6rnCxCItPqo8CxE37WvyRg+zUksM9O50=
github.com/dlasky/go-wallhaven v0.0.0-20190627020408-f8d3904df136/go.mod h1:To4h9ssw+GW6mu3/vLse28fSDKuQElH/XmwYrJOv6+k=
github.com/go-telegram-bot-api/telegram-bot-api v4.6.4+incompatible h1:2cauKuaELYAEARXRkq2LrJ0yDDv1rW7+wrTEdVL3uaU=
github.com/go-telegram-bot-api/telegram-bot-api v4.6.4+incompatible/go.mod h1:qf9acutJ8cwBUhm1bqgz6Bei9/C/c93FPDljKWwsOgM=
github.com/jonaz/astrotime v0.0.0-20150127084258-5d2b676e5047 h1:H116DwaFx14mDVP2d7gDw5CTqPjvitSbwSxYTtbcUHg=
github.com/jonaz/astrotime v0.0.0-20150127084258-5d2b676e5047/go.mod h1:2IUrxSOG2BFL1TPEVaMvOL/b0fJcldiGXyw8OWZAUM4=
github.com/mlbright/darksky v0.0.0-20190903032611-d133a40b35ab h1:wkM5dKp+t+ouGC/FGljp96sTa53sA5E1EJfwfJvF/uE=
github.com/mlbright/darksky v0.0.0-20190903032611-d133a40b35ab/go.mod h1:2mqgU4JqQpCMhRY2w+/aPKD/U0MDwkNMFxr2fTXDwYQ=
github.com/patrickmn/go-cache v2.1.0+incompatible/go.mod h1:3Qf8kWWT7OJRJbdiICTKqZju1ZixQ/KpMGzzAfe6+WQ=
github.com/pmezard/go-difflib v1.0.0/go.mod h1:iKH77koFhYxTK1pcRnkKkqfTogsbg7gZNVY4sRDYZ/4=
github.com/runeb/go-yrapi v0.0.0-20150211131318-213862869414 h1:zOoDXls2C/UGWoYglT8URLhGoFFERaeD1Zx2sVjZGP4=
github.com/runeb/go-yrapi v0.0.0-20150211131318-213862869414/go.mod h1:S4Xu3L+jwZloHJXVsg6fuVF6K3UQoGWlQABV8eF9++0=
github.com/sanzaru/go-giphy v0.0.0-20180211202227-c353d5ec6ee8 h1:i6eP2Hp68IJgrNSiUoExFbIlZ9yt8kFaSsoiYcjPeK8=
github.com/sanzaru/go-giphy v0.0.0-20180211202227-c353d5ec6ee8/go.mod h1:VblnnSJiiid/UB7WgpUdpzoanVG3HdlEH7/J5Xr+JYQ=
github.com/stretchr/objx v0.1.0/go.mod h1:HFkY916IF+rwdDfMAkV7OtwuqBVzrE8GR6GFx+wExME=
github.com/stretchr/testify v1.3.0/go.mod h1:M5WIy9Dh21IEIfnGCwXGc5bZfKNJtfHm1UVUgZn+9EI=
github.com/technoweenie/multipartstreamer v1.0.1 h1:XRztA5MXiR1TIRHxH2uNxXxaIkKQDeX7m2XsSOlQEnM=
github.com/technoweenie/multipartstreamer v1.0.1/go.mod h1:jNVxdtShOxzAsukZwTSw6MDx5eUJoiEBsSvzDU9uzog=
github.com/yolkadura/go-pinterest v2.1.1+incompatible h1:ZZMdwrAKKSGl1Z9hbn8rSsA5NIocqKti78fkIia5Nvw=
github.com/yolkadura/go-pinterest v2.1.1+incompatible/go.mod h1:x3+1XKeXXYSdCl5muqyxCvcs0wkLnjYr+/c+GMvrwI4=
github.com/yolkadura/go-pinterest v2.1.2-0.20200128130502-4692014de9c6+incompatible h1:sxNSZk5lpDxkiwp+7ccE9WZ/PLFoDhvJ94XlrgZ3ank=
github.com/yolkadura/go-pinterest v2.1.2-0.20200128130502-4692014de9c6+incompatible/go.mod h1:x3+1XKeXXYSdCl5muqyxCvcs0wkLnjYr+/c+GMvrwI4=
golang.org/x/crypto v0.0.0-20190308221718-c2843e01d9a2/go.mod h1:djNgcEr1/C05ACkg1iLfiJU5Ep61QUkGW8qpdssI0+w=
golang.org/x/net v0.0.0-20200114155413-6afb5195e5aa h1:F+8P+gmewFQYRk6JoLQLwjBCTu3mcIURZfNkVweuRKA=
golang.org/x/net v0.0.0-20200114155413-6afb5195e5aa/go.mod h1:z5CRVTTTmAJ677TzLLGU+0bjPO0LkuOLi4/5GtJWs/s=
golang.org/x/sys v0.0.0-20190215142949-d0b11bdaac8a/go.mod h1:STP8DvDyc/dI5b8T5hshtkjS+E42TnysNCUPdjciGhY=
golang.org/x/text v0.3.0/go.mod h1:NqM8EUOU14njkJ3fqMW+pc6Ldnwhi/IjpwHt7yyuwOQ=
